// !$*UTF8*$!
{
	archiveVersion = 1;
	classes = {
	};
	objectVersion = 46;
	objects = {

/* Begin PBXBuildFile section */
		0F22E1AF1E8407D1004B722A /* AppDelegate.swift in Sources */ = {isa = PBXBuildFile; fileRef = 0F22E1AE1E8407D1004B722A /* AppDelegate.swift */; };
		0F22E1B11E8407D1004B722A /* ViewController.swift in Sources */ = {isa = PBXBuildFile; fileRef = 0F22E1B01E8407D1004B722A /* ViewController.swift */; };
		0F22E1B41E8407D1004B722A /* Main.storyboard in Resources */ = {isa = PBXBuildFile; fileRef = 0F22E1B21E8407D1004B722A /* Main.storyboard */; };
		0F22E1B61E8407D1004B722A /* Assets.xcassets in Resources */ = {isa = PBXBuildFile; fileRef = 0F22E1B51E8407D1004B722A /* Assets.xcassets */; };
		0F22E1B91E8407D1004B722A /* LaunchScreen.storyboard in Resources */ = {isa = PBXBuildFile; fileRef = 0F22E1B71E8407D1004B722A /* LaunchScreen.storyboard */; };
		291447F35EAF64C236C17348 /* Pods_Vampire.framework in Frameworks */ = {isa = PBXBuildFile; fileRef = 801DF6DE07070E4B0E0C52F0 /* Pods_Vampire.framework */; };
		67948FC1234F173700AADD91 /* CreateGroupController.swift in Sources */ = {isa = PBXBuildFile; fileRef = 67948FC0234F173700AADD91 /* CreateGroupController.swift */; };
		67948FC3234F3A2400AADD91 /* JoinGroupController.swift in Sources */ = {isa = PBXBuildFile; fileRef = 67948FC2234F3A2400AADD91 /* JoinGroupController.swift */; };
		67948FC7234F580A00AADD91 /* GroupTableController.swift in Sources */ = {isa = PBXBuildFile; fileRef = 67948FC6234F580A00AADD91 /* GroupTableController.swift */; };
/* End PBXBuildFile section */

/* Begin PBXFileReference section */
		0F22E1AB1E8407D1004B722A /* Vampire.app */ = {isa = PBXFileReference; explicitFileType = wrapper.application; includeInIndex = 0; path = Vampire.app; sourceTree = BUILT_PRODUCTS_DIR; };
		0F22E1AE1E8407D1004B722A /* AppDelegate.swift */ = {isa = PBXFileReference; lastKnownFileType = sourcecode.swift; path = AppDelegate.swift; sourceTree = "<group>"; };
		0F22E1B01E8407D1004B722A /* ViewController.swift */ = {isa = PBXFileReference; lastKnownFileType = sourcecode.swift; path = ViewController.swift; sourceTree = "<group>"; };
		0F22E1B31E8407D1004B722A /* Base */ = {isa = PBXFileReference; lastKnownFileType = file.storyboard; name = Base; path = Base.lproj/Main.storyboard; sourceTree = "<group>"; };
		0F22E1B51E8407D1004B722A /* Assets.xcassets */ = {isa = PBXFileReference; lastKnownFileType = folder.assetcatalog; path = Assets.xcassets; sourceTree = "<group>"; };
		0F22E1B81E8407D1004B722A /* Base */ = {isa = PBXFileReference; lastKnownFileType = file.storyboard; name = Base; path = Base.lproj/LaunchScreen.storyboard; sourceTree = "<group>"; };
		0F22E1BA1E8407D1004B722A /* Info.plist */ = {isa = PBXFileReference; lastKnownFileType = text.plist.xml; path = Info.plist; sourceTree = "<group>"; };
		67948FC0234F173700AADD91 /* CreateGroupController.swift */ = {isa = PBXFileReference; lastKnownFileType = sourcecode.swift; path = CreateGroupController.swift; sourceTree = "<group>"; };
		67948FC2234F3A2400AADD91 /* JoinGroupController.swift */ = {isa = PBXFileReference; lastKnownFileType = sourcecode.swift; path = JoinGroupController.swift; sourceTree = "<group>"; };
		67948FC6234F580A00AADD91 /* GroupTableController.swift */ = {isa = PBXFileReference; lastKnownFileType = sourcecode.swift; path = GroupTableController.swift; sourceTree = "<group>"; };
		732045643C00892CC7F4C356 /* Pods-Vampire.release.xcconfig */ = {isa = PBXFileReference; includeInIndex = 1; lastKnownFileType = text.xcconfig; name = "Pods-Vampire.release.xcconfig"; path = "Target Support Files/Pods-Vampire/Pods-Vampire.release.xcconfig"; sourceTree = "<group>"; };
		801DF6DE07070E4B0E0C52F0 /* Pods_Vampire.framework */ = {isa = PBXFileReference; explicitFileType = wrapper.framework; includeInIndex = 0; path = Pods_Vampire.framework; sourceTree = BUILT_PRODUCTS_DIR; };
		C8B9ABCE8F8BCE9B88DB40EA /* Pods-Vampire.debug.xcconfig */ = {isa = PBXFileReference; includeInIndex = 1; lastKnownFileType = text.xcconfig; name = "Pods-Vampire.debug.xcconfig"; path = "Target Support Files/Pods-Vampire/Pods-Vampire.debug.xcconfig"; sourceTree = "<group>"; };
/* End PBXFileReference section */

/* Begin PBXFrameworksBuildPhase section */
		0F22E1A81E8407D1004B722A /* Frameworks */ = {
			isa = PBXFrameworksBuildPhase;
			buildActionMask = 2147483647;
			files = (
				291447F35EAF64C236C17348 /* Pods_Vampire.framework in Frameworks */,
			);
			runOnlyForDeploymentPostprocessing = 0;
		};
/* End PBXFrameworksBuildPhase section */

/* Begin PBXGroup section */
		0F22E1A21E8407D1004B722A = {
			isa = PBXGroup;
			children = (
				0F22E1AD1E8407D1004B722A /* Vampire */,
				0F22E1AC1E8407D1004B722A /* Products */,
				E087605EBDD1CE4E75EB658B /* Pods */,
				22F3D9373C1041E25E793B07 /* Frameworks */,
			);
			sourceTree = "<group>";
		};
		0F22E1AC1E8407D1004B722A /* Products */ = {
			isa = PBXGroup;
			children = (
				0F22E1AB1E8407D1004B722A /* Vampire.app */,
			);
			name = Products;
			sourceTree = "<group>";
		};
		0F22E1AD1E8407D1004B722A /* Vampire */ = {
			isa = PBXGroup;
			children = (
				0F22E1AE1E8407D1004B722A /* AppDelegate.swift */,
				0F22E1B01E8407D1004B722A /* ViewController.swift */,
				0F22E1B21E8407D1004B722A /* Main.storyboard */,
				0F22E1B51E8407D1004B722A /* Assets.xcassets */,
				0F22E1B71E8407D1004B722A /* LaunchScreen.storyboard */,
				0F22E1BA1E8407D1004B722A /* Info.plist */,
				67948FC0234F173700AADD91 /* CreateGroupController.swift */,
				67948FC2234F3A2400AADD91 /* JoinGroupController.swift */,
				67948FC6234F580A00AADD91 /* GroupTableController.swift */,
			);
			path = Vampire;
			sourceTree = "<group>";
		};
		22F3D9373C1041E25E793B07 /* Frameworks */ = {
			isa = PBXGroup;
			children = (
				801DF6DE07070E4B0E0C52F0 /* Pods_Vampire.framework */,
			);
			name = Frameworks;
			sourceTree = "<group>";
		};
		E087605EBDD1CE4E75EB658B /* Pods */ = {
			isa = PBXGroup;
			children = (
				C8B9ABCE8F8BCE9B88DB40EA /* Pods-Vampire.debug.xcconfig */,
				732045643C00892CC7F4C356 /* Pods-Vampire.release.xcconfig */,
			);
			path = Pods;
			sourceTree = "<group>";
		};
/* End PBXGroup section */

/* Begin PBXNativeTarget section */
		0F22E1AA1E8407D1004B722A /* Vampire */ = {
			isa = PBXNativeTarget;
			buildConfigurationList = 0F22E1BD1E8407D1004B722A /* Build configuration list for PBXNativeTarget "Vampire" */;
			buildPhases = (
				8EE0A968CCD41CE72A92B5D5 /* [CP] Check Pods Manifest.lock */,
				0F22E1A71E8407D1004B722A /* Sources */,
				0F22E1A81E8407D1004B722A /* Frameworks */,
				0F22E1A91E8407D1004B722A /* Resources */,
				F36BF50FA09C6D95420D5B74 /* [CP] Embed Pods Frameworks */,
			);
			buildRules = (
			);
			dependencies = (
			);
			name = Vampire;
			productName = Vampire;
			productReference = 0F22E1AB1E8407D1004B722A /* Vampire.app */;
			productType = "com.apple.product-type.application";
		};
/* End PBXNativeTarget section */

/* Begin PBXProject section */
		0F22E1A31E8407D1004B722A /* Project object */ = {
			isa = PBXProject;
			attributes = {
				LastSwiftUpdateCheck = 0820;
				LastUpgradeCheck = 1020;
				TargetAttributes = {
					0F22E1AA1E8407D1004B722A = {
						CreatedOnToolsVersion = 8.2.1;
						DevelopmentTeam = 7UJ425XN7W;
						LastSwiftMigration = 1020;
						ProvisioningStyle = Automatic;
					};
				};
			};
			buildConfigurationList = 0F22E1A61E8407D1004B722A /* Build configuration list for PBXProject "Vampire" */;
			compatibilityVersion = "Xcode 3.2";
			developmentRegion = en;
			hasScannedForEncodings = 0;
			knownRegions = (
				en,
				Base,
			);
			mainGroup = 0F22E1A21E8407D1004B722A;
			productRefGroup = 0F22E1AC1E8407D1004B722A /* Products */;
			projectDirPath = "";
			projectRoot = "";
			targets = (
				0F22E1AA1E8407D1004B722A /* Vampire */,
			);
		};
/* End PBXProject section */

/* Begin PBXResourcesBuildPhase section */
		0F22E1A91E8407D1004B722A /* Resources */ = {
			isa = PBXResourcesBuildPhase;
			buildActionMask = 2147483647;
			files = (
				0F22E1B91E8407D1004B722A /* LaunchScreen.storyboard in Resources */,
				0F22E1B61E8407D1004B722A /* Assets.xcassets in Resources */,
				0F22E1B41E8407D1004B722A /* Main.storyboard in Resources */,
			);
			runOnlyForDeploymentPostprocessing = 0;
		};
/* End PBXResourcesBuildPhase section */

/* Begin PBXShellScriptBuildPhase section */
		8EE0A968CCD41CE72A92B5D5 /* [CP] Check Pods Manifest.lock */ = {
			isa = PBXShellScriptBuildPhase;
			buildActionMask = 2147483647;
			files = (
			);
			inputFileListPaths = (
			);
			inputPaths = (
				"${PODS_PODFILE_DIR_PATH}/Podfile.lock",
				"${PODS_ROOT}/Manifest.lock",
			);
			name = "[CP] Check Pods Manifest.lock";
			outputFileListPaths = (
			);
			outputPaths = (
				"$(DERIVED_FILE_DIR)/Pods-Vampire-checkManifestLockResult.txt",
			);
			runOnlyForDeploymentPostprocessing = 0;
			shellPath = /bin/sh;
			shellScript = "diff \"${PODS_PODFILE_DIR_PATH}/Podfile.lock\" \"${PODS_ROOT}/Manifest.lock\" > /dev/null\nif [ $? != 0 ] ; then\n    # print error to STDERR\n    echo \"error: The sandbox is not in sync with the Podfile.lock. Run 'pod install' or update your CocoaPods installation.\" >&2\n    exit 1\nfi\n# This output is used by Xcode 'outputs' to avoid re-running this script phase.\necho \"SUCCESS\" > \"${SCRIPT_OUTPUT_FILE_0}\"\n";
			showEnvVarsInLog = 0;
		};
		F36BF50FA09C6D95420D5B74 /* [CP] Embed Pods Frameworks */ = {
			isa = PBXShellScriptBuildPhase;
			buildActionMask = 2147483647;
			files = (
			);
			inputPaths = (
				"${PODS_ROOT}/Target Support Files/Pods-Vampire/Pods-Vampire-frameworks.sh",
				"${BUILT_PRODUCTS_DIR}/BackendlessSwift/Backendless.framework",
				"${BUILT_PRODUCTS_DIR}/Socket.IO-Client-Swift/SocketIO.framework",
				"${BUILT_PRODUCTS_DIR}/Starscream/Starscream.framework",
			);
			name = "[CP] Embed Pods Frameworks";
			outputPaths = (
				"${TARGET_BUILD_DIR}/${FRAMEWORKS_FOLDER_PATH}/Backendless.framework",
				"${TARGET_BUILD_DIR}/${FRAMEWORKS_FOLDER_PATH}/SocketIO.framework",
				"${TARGET_BUILD_DIR}/${FRAMEWORKS_FOLDER_PATH}/Starscream.framework",
			);
			runOnlyForDeploymentPostprocessing = 0;
			shellPath = /bin/sh;
			shellScript = "\"${PODS_ROOT}/Target Support Files/Pods-Vampire/Pods-Vampire-frameworks.sh\"\n";
			showEnvVarsInLog = 0;
		};
/* End PBXShellScriptBuildPhase section */

/* Begin PBXSourcesBuildPhase section */
		0F22E1A71E8407D1004B722A /* Sources */ = {
			isa = PBXSourcesBuildPhase;
			buildActionMask = 2147483647;
			files = (
				67948FC7234F580A00AADD91 /* GroupTableController.swift in Sources */,
				0F22E1B11E8407D1004B722A /* ViewController.swift in Sources */,
				67948FC3234F3A2400AADD91 /* JoinGroupController.swift in Sources */,
				0F22E1AF1E8407D1004B722A /* AppDelegate.swift in Sources */,
				67948FC1234F173700AADD91 /* CreateGroupController.swift in Sources */,
			);
			runOnlyForDeploymentPostprocessing = 0;
		};
/* End PBXSourcesBuildPhase section */

/* Begin PBXVariantGroup section */
		0F22E1B21E8407D1004B722A /* Main.storyboard */ = {
			isa = PBXVariantGroup;
			children = (
				0F22E1B31E8407D1004B722A /* Base */,
			);
			name = Main.storyboard;
			sourceTree = "<group>";
		};
		0F22E1B71E8407D1004B722A /* LaunchScreen.storyboard */ = {
			isa = PBXVariantGroup;
			children = (
				0F22E1B81E8407D1004B722A /* Base */,
			);
			name = LaunchScreen.storyboard;
			sourceTree = "<group>";
		};
/* End PBXVariantGroup section */

/* Begin XCBuildConfiguration section */
		0F22E1BB1E8407D1004B722A /* Debug */ = {
			isa = XCBuildConfiguration;
			buildSettings = {
				ALWAYS_SEARCH_USER_PATHS = NO;
				CLANG_ANALYZER_LOCALIZABILITY_NONLOCALIZED = YES;
				CLANG_ANALYZER_NONNULL = YES;
				CLANG_CXX_LANGUAGE_STANDARD = "gnu++0x";
				CLANG_CXX_LIBRARY = "libc++";
				CLANG_ENABLE_MODULES = YES;
				CLANG_ENABLE_OBJC_ARC = YES;
				CLANG_WARN_BLOCK_CAPTURE_AUTORELEASING = YES;
				CLANG_WARN_BOOL_CONVERSION = YES;
				CLANG_WARN_COMMA = YES;
				CLANG_WARN_CONSTANT_CONVERSION = YES;
				CLANG_WARN_DEPRECATED_OBJC_IMPLEMENTATIONS = YES;
				CLANG_WARN_DIRECT_OBJC_ISA_USAGE = YES_ERROR;
				CLANG_WARN_DOCUMENTATION_COMMENTS = YES;
				CLANG_WARN_EMPTY_BODY = YES;
				CLANG_WARN_ENUM_CONVERSION = YES;
				CLANG_WARN_INFINITE_RECURSION = YES;
				CLANG_WARN_INT_CONVERSION = YES;
				CLANG_WARN_NON_LITERAL_NULL_CONVERSION = YES;
				CLANG_WARN_OBJC_IMPLICIT_RETAIN_SELF = YES;
				CLANG_WARN_OBJC_LITERAL_CONVERSION = YES;
				CLANG_WARN_OBJC_ROOT_CLASS = YES_ERROR;
				CLANG_WARN_RANGE_LOOP_ANALYSIS = YES;
				CLANG_WARN_STRICT_PROTOTYPES = YES;
				CLANG_WARN_SUSPICIOUS_MOVE = YES;
				CLANG_WARN_UNREACHABLE_CODE = YES;
				CLANG_WARN__DUPLICATE_METHOD_MATCH = YES;
				"CODE_SIGN_IDENTITY[sdk=iphoneos*]" = "iPhone Developer";
				COPY_PHASE_STRIP = NO;
				DEBUG_INFORMATION_FORMAT = dwarf;
				ENABLE_STRICT_OBJC_MSGSEND = YES;
				ENABLE_TESTABILITY = YES;
				GCC_C_LANGUAGE_STANDARD = gnu99;
				GCC_DYNAMIC_NO_PIC = NO;
				GCC_NO_COMMON_BLOCKS = YES;
				GCC_OPTIMIZATION_LEVEL = 0;
				GCC_PREPROCESSOR_DEFINITIONS = (
					"DEBUG=1",
					"$(inherited)",
				);
				GCC_WARN_64_TO_32_BIT_CONVERSION = YES;
				GCC_WARN_ABOUT_RETURN_TYPE = YES_ERROR;
				GCC_WARN_UNDECLARED_SELECTOR = YES;
				GCC_WARN_UNINITIALIZED_AUTOS = YES_AGGRESSIVE;
				GCC_WARN_UNUSED_FUNCTION = YES;
				GCC_WARN_UNUSED_VARIABLE = YES;
				IPHONEOS_DEPLOYMENT_TARGET = 8.0;
				MTL_ENABLE_DEBUG_INFO = YES;
				ONLY_ACTIVE_ARCH = YES;
				SDKROOT = iphoneos;
				SWIFT_ACTIVE_COMPILATION_CONDITIONS = DEBUG;
				SWIFT_OPTIMIZATION_LEVEL = "-Onone";
				SWIFT_VERSION = 4.0;
			};
			name = Debug;
		};
		0F22E1BC1E8407D1004B722A /* Release */ = {
			isa = XCBuildConfiguration;
			buildSettings = {
				ALWAYS_SEARCH_USER_PATHS = NO;
				CLANG_ANALYZER_LOCALIZABILITY_NONLOCALIZED = YES;
				CLANG_ANALYZER_NONNULL = YES;
				CLANG_CXX_LANGUAGE_STANDARD = "gnu++0x";
				CLANG_CXX_LIBRARY = "libc++";
				CLANG_ENABLE_MODULES = YES;
				CLANG_ENABLE_OBJC_ARC = YES;
				CLANG_WARN_BLOCK_CAPTURE_AUTORELEASING = YES;
				CLANG_WARN_BOOL_CONVERSION = YES;
				CLANG_WARN_COMMA = YES;
				CLANG_WARN_CONSTANT_CONVERSION = YES;
				CLANG_WARN_DEPRECATED_OBJC_IMPLEMENTATIONS = YES;
				CLANG_WARN_DIRECT_OBJC_ISA_USAGE = YES_ERROR;
				CLANG_WARN_DOCUMENTATION_COMMENTS = YES;
				CLANG_WARN_EMPTY_BODY = YES;
				CLANG_WARN_ENUM_CONVERSION = YES;
				CLANG_WARN_INFINITE_RECURSION = YES;
				CLANG_WARN_INT_CONVERSION = YES;
				CLANG_WARN_NON_LITERAL_NULL_CONVERSION = YES;
				CLANG_WARN_OBJC_IMPLICIT_RETAIN_SELF = YES;
				CLANG_WARN_OBJC_LITERAL_CONVERSION = YES;
				CLANG_WARN_OBJC_ROOT_CLASS = YES_ERROR;
				CLANG_WARN_RANGE_LOOP_ANALYSIS = YES;
				CLANG_WARN_STRICT_PROTOTYPES = YES;
				CLANG_WARN_SUSPICIOUS_MOVE = YES;
				CLANG_WARN_UNREACHABLE_CODE = YES;
				CLANG_WARN__DUPLICATE_METHOD_MATCH = YES;
				"CODE_SIGN_IDENTITY[sdk=iphoneos*]" = "iPhone Developer";
				COPY_PHASE_STRIP = NO;
				DEBUG_INFORMATION_FORMAT = "dwarf-with-dsym";
				ENABLE_NS_ASSERTIONS = NO;
				ENABLE_STRICT_OBJC_MSGSEND = YES;
				GCC_C_LANGUAGE_STANDARD = gnu99;
				GCC_NO_COMMON_BLOCKS = YES;
				GCC_WARN_64_TO_32_BIT_CONVERSION = YES;
				GCC_WARN_ABOUT_RETURN_TYPE = YES_ERROR;
				GCC_WARN_UNDECLARED_SELECTOR = YES;
				GCC_WARN_UNINITIALIZED_AUTOS = YES_AGGRESSIVE;
				GCC_WARN_UNUSED_FUNCTION = YES;
				GCC_WARN_UNUSED_VARIABLE = YES;
				IPHONEOS_DEPLOYMENT_TARGET = 8.0;
				MTL_ENABLE_DEBUG_INFO = NO;
				SDKROOT = iphoneos;
				SWIFT_OPTIMIZATION_LEVEL = "-Owholemodule";
				SWIFT_VERSION = 4.0;
				VALIDATE_PRODUCT = YES;
			};
			name = Release;
		};
		0F22E1BE1E8407D1004B722A /* Debug */ = {
			isa = XCBuildConfiguration;
			baseConfigurationReference = C8B9ABCE8F8BCE9B88DB40EA /* Pods-Vampire.debug.xcconfig */;
			buildSettings = {
				ASSETCATALOG_COMPILER_APPICON_NAME = AppIcon;
				DEVELOPMENT_TEAM = 7UJ425XN7W;
				INFOPLIST_FILE = Vampire/Info.plist;
				LD_RUNPATH_SEARCH_PATHS = "$(inherited) @executable_path/Frameworks";
				LIBRARY_SEARCH_PATHS = "$(inherited)";
				PRODUCT_BUNDLE_IDENTIFIER = com.backendless.projecttemplates.Vampire;
				PRODUCT_NAME = "$(TARGET_NAME)";
				SWIFT_OBJC_BRIDGING_HEADER = "";
				SWIFT_VERSION = 5.0;
			};
			name = Debug;
		};
		0F22E1BF1E8407D1004B722A /* Release */ = {
			isa = XCBuildConfiguration;
			baseConfigurationReference = 732045643C00892CC7F4C356 /* Pods-Vampire.release.xcconfig */;
			buildSettings = {
				ASSETCATALOG_COMPILER_APPICON_NAME = AppIcon;
				DEVELOPMENT_TEAM = 7UJ425XN7W;
				INFOPLIST_FILE = Vampire/Info.plist;
				LD_RUNPATH_SEARCH_PATHS = "$(inherited) @executable_path/Frameworks";
				LIBRARY_SEARCH_PATHS = "$(inherited)";
				PRODUCT_BUNDLE_IDENTIFIER = com.backendless.projecttemplates.Vampire;
				PRODUCT_NAME = "$(TARGET_NAME)";
				SWIFT_OBJC_BRIDGING_HEADER = "";
				SWIFT_VERSION = 5.0;
			};
			name = Release;
		};
/* End XCBuildConfiguration section */

/* Begin XCConfigurationList section */
		0F22E1A61E8407D1004B722A /* Build configuration list for PBXProject "Vampire" */ = {
			isa = XCConfigurationList;
			buildConfigurations = (
				0F22E1BB1E8407D1004B722A /* Debug */,
				0F22E1BC1E8407D1004B722A /* Release */,
			);
			defaultConfigurationIsVisible = 0;
			defaultConfigurationName = Release;
		};
		0F22E1BD1E8407D1004B722A /* Build configuration list for PBXNativeTarget "Vampire" */ = {
			isa = XCConfigurationList;
			buildConfigurations = (
				0F22E1BE1E8407D1004B722A /* Debug */,
				0F22E1BF1E8407D1004B722A /* Release */,
			);
			defaultConfigurationIsVisible = 0;
			defaultConfigurationName = Release;
		};
/* End XCConfigurationList section */
	};
	rootObject = 0F22E1A31E8407D1004B722A /* Project object */;
}
